PODS:
  - MessageKit (0.8.2)

DEPENDENCIES:
  - MessageKit (from `../MessageKit.podspec`)

EXTERNAL SOURCES:
  MessageKit:
    :path: ../MessageKit.podspec

SPEC CHECKSUMS:
  MessageKit: 6e52759c72bb9a63e3e56d3c59f27acd74c473f0

PODFILE CHECKSUM: 9ac65b8dedf0e1b63fea245b089b6645c4e66309

COCOAPODS: 1.4.0
